// !$*UTF8*$!
{
	archiveVersion = 1;
	classes = {
	};
	objectVersion = 55;
	objects = {

/* Begin PBXBuildFile section */
		7A20A5B5284877C100D73E44 /* UnitTestCaseDemoApp.swift in Sources */ = {isa = PBXBuildFile; fileRef = 7A20A5B4284877C100D73E44 /* UnitTestCaseDemoApp.swift */; };
		7A20A5B7284877C100D73E44 /* ContentView.swift in Sources */ = {isa = PBXBuildFile; fileRef = 7A20A5B6284877C100D73E44 /* ContentView.swift */; };
		7A20A5B9284877C300D73E44 /* Assets.xcassets in Resources */ = {isa = PBXBuildFile; fileRef = 7A20A5B8284877C300D73E44 /* Assets.xcassets */; };
		7A20A5BC284877C300D73E44 /* Preview Assets.xcassets in Resources */ = {isa = PBXBuildFile; fileRef = 7A20A5BB284877C300D73E44 /* Preview Assets.xcassets */; };
		7A20A5C6284877C300D73E44 /* UnitTestCaseDemoTests.swift in Sources */ = {isa = PBXBuildFile; fileRef = 7A20A5C5284877C300D73E44 /* UnitTestCaseDemoTests.swift */; };
		7A20A5D0284877C300D73E44 /* UnitTestCaseDemoUITests.swift in Sources */ = {isa = PBXBuildFile; fileRef = 7A20A5CF284877C300D73E44 /* UnitTestCaseDemoUITests.swift */; };
		7A20A5D2284877C300D73E44 /* UnitTestCaseDemoUITestsLaunchTests.swift in Sources */ = {isa = PBXBuildFile; fileRef = 7A20A5D1284877C300D73E44 /* UnitTestCaseDemoUITestsLaunchTests.swift */; };
		7A9A2547284A7EE1003BBCE9 /* Data.swift in Sources */ = {isa = PBXBuildFile; fileRef = 7A9A2546284A7EE1003BBCE9 /* Data.swift */; };
		7A9A2549284A7F32003BBCE9 /* Constants.swift in Sources */ = {isa = PBXBuildFile; fileRef = 7A9A2548284A7F32003BBCE9 /* Constants.swift */; };
		7A9A254B284A804F003BBCE9 /* APIService.swift in Sources */ = {isa = PBXBuildFile; fileRef = 7A9A254A284A804F003BBCE9 /* APIService.swift */; };
		7A9A254D284A86D9003BBCE9 /* ViewModel.swift in Sources */ = {isa = PBXBuildFile; fileRef = 7A9A254C284A86D9003BBCE9 /* ViewModel.swift */; };
		7AFE096F284B7DC0003204CB /* Kingfisher in Frameworks */ = {isa = PBXBuildFile; productRef = 7AFE096E284B7DC0003204CB /* Kingfisher */; };
/* End PBXBuildFile section */

/* Begin PBXContainerItemProxy section */
		7A20A5C2284877C300D73E44 /* PBXContainerItemProxy */ = {
			isa = PBXContainerItemProxy;
			containerPortal = 7A20A5A9284877C000D73E44 /* Project object */;
			proxyType = 1;
			remoteGlobalIDString = 7A20A5B0284877C100D73E44;
			remoteInfo = UnitTestCaseDemo;
		};
		7A20A5CC284877C300D73E44 /* PBXContainerItemProxy */ = {
			isa = PBXContainerItemProxy;
			containerPortal = 7A20A5A9284877C000D73E44 /* Project object */;
			proxyType = 1;
			remoteGlobalIDString = 7A20A5B0284877C100D73E44;
			remoteInfo = UnitTestCaseDemo;
		};
/* End PBXContainerItemProxy section */

/* Begin PBXFileReference section */
		7A20A5B1284877C100D73E44 /* UnitTestCaseDemo.app */ = {isa = PBXFileReference; explicitFileType = wrapper.application; includeInIndex = 0; path = UnitTestCaseDemo.app; sourceTree = BUILT_PRODUCTS_DIR; };
		7A20A5B4284877C100D73E44 /* UnitTestCaseDemoApp.swift */ = {isa = PBXFileReference; lastKnownFileType = sourcecode.swift; path = UnitTestCaseDemoApp.swift; sourceTree = "<group>"; };
		7A20A5B6284877C100D73E44 /* ContentView.swift */ = {isa = PBXFileReference; lastKnownFileType = sourcecode.swift; path = ContentView.swift; sourceTree = "<group>"; };
		7A20A5B8284877C300D73E44 /* Assets.xcassets */ = {isa = PBXFileReference; lastKnownFileType = folder.assetcatalog; path = Assets.xcassets; sourceTree = "<group>"; };
		7A20A5BB284877C300D73E44 /* Preview Assets.xcassets */ = {isa = PBXFileReference; lastKnownFileType = folder.assetcatalog; path = "Preview Assets.xcassets"; sourceTree = "<group>"; };
		7A20A5C1284877C300D73E44 /* UnitTestCaseDemoTests.xctest */ = {isa = PBXFileReference; explicitFileType = wrapper.cfbundle; includeInIndex = 0; path = UnitTestCaseDemoTests.xctest; sourceTree = BUILT_PRODUCTS_DIR; };
		7A20A5C5284877C300D73E44 /* UnitTestCaseDemoTests.swift */ = {isa = PBXFileReference; lastKnownFileType = sourcecode.swift; path = UnitTestCaseDemoTests.swift; sourceTree = "<group>"; };
		7A20A5CB284877C300D73E44 /* UnitTestCaseDemoUITests.xctest */ = {isa = PBXFileReference; explicitFileType = wrapper.cfbundle; includeInIndex = 0; path = UnitTestCaseDemoUITests.xctest; sourceTree = BUILT_PRODUCTS_DIR; };
		7A20A5CF284877C300D73E44 /* UnitTestCaseDemoUITests.swift */ = {isa = PBXFileReference; lastKnownFileType = sourcecode.swift; path = UnitTestCaseDemoUITests.swift; sourceTree = "<group>"; };
		7A20A5D1284877C300D73E44 /* UnitTestCaseDemoUITestsLaunchTests.swift */ = {isa = PBXFileReference; lastKnownFileType = sourcecode.swift; path = UnitTestCaseDemoUITestsLaunchTests.swift; sourceTree = "<group>"; };
		7A9A2546284A7EE1003BBCE9 /* Data.swift */ = {isa = PBXFileReference; lastKnownFileType = sourcecode.swift; path = Data.swift; sourceTree = "<group>"; };
		7A9A2548284A7F32003BBCE9 /* Constants.swift */ = {isa = PBXFileReference; lastKnownFileType = sourcecode.swift; path = Constants.swift; sourceTree = "<group>"; };
		7A9A254A284A804F003BBCE9 /* APIService.swift */ = {isa = PBXFileReference; lastKnownFileType = sourcecode.swift; path = APIService.swift; sourceTree = "<group>"; };
		7A9A254C284A86D9003BBCE9 /* ViewModel.swift */ = {isa = PBXFileReference; lastKnownFileType = sourcecode.swift; path = ViewModel.swift; sourceTree = "<group>"; };
/* End PBXFileReference section */

/* Begin PBXFrameworksBuildPhase section */
		7A20A5AE284877C100D73E44 /* Frameworks */ = {
			isa = PBXFrameworksBuildPhase;
			buildActionMask = 2147483647;
			files = (
				7AFE096F284B7DC0003204CB /* Kingfisher in Frameworks */,
			);
			runOnlyForDeploymentPostprocessing = 0;
		};
		7A20A5BE284877C300D73E44 /* Frameworks */ = {
			isa = PBXFrameworksBuildPhase;
			buildActionMask = 2147483647;
			files = (
			);
			runOnlyForDeploymentPostprocessing = 0;
		};
		7A20A5C8284877C300D73E44 /* Frameworks */ = {
			isa = PBXFrameworksBuildPhase;
			buildActionMask = 2147483647;
			files = (
			);
			runOnlyForDeploymentPostprocessing = 0;
		};
/* End PBXFrameworksBuildPhase section */

/* Begin PBXGroup section */
		7A20A5A8284877C000D73E44 = {
			isa = PBXGroup;
			children = (
				7A20A5B3284877C100D73E44 /* UnitTestCaseDemo */,
				7A20A5C4284877C300D73E44 /* UnitTestCaseDemoTests */,
				7A20A5CE284877C300D73E44 /* UnitTestCaseDemoUITests */,
				7A20A5B2284877C100D73E44 /* Products */,
			);
			sourceTree = "<group>";
		};
		7A20A5B2284877C100D73E44 /* Products */ = {
			isa = PBXGroup;
			children = (
				7A20A5B1284877C100D73E44 /* UnitTestCaseDemo.app */,
				7A20A5C1284877C300D73E44 /* UnitTestCaseDemoTests.xctest */,
				7A20A5CB284877C300D73E44 /* UnitTestCaseDemoUITests.xctest */,
			);
			name = Products;
			sourceTree = "<group>";
		};
		7A20A5B3284877C100D73E44 /* UnitTestCaseDemo */ = {
			isa = PBXGroup;
			children = (
				7A20A5B4284877C100D73E44 /* UnitTestCaseDemoApp.swift */,
				7A20A5B6284877C100D73E44 /* ContentView.swift */,
				7A20A5B8284877C300D73E44 /* Assets.xcassets */,
				7A20A5BA284877C300D73E44 /* Preview Content */,
				7A9A2546284A7EE1003BBCE9 /* Data.swift */,
				7A9A2548284A7F32003BBCE9 /* Constants.swift */,
				7A9A254A284A804F003BBCE9 /* APIService.swift */,
				7A9A254C284A86D9003BBCE9 /* ViewModel.swift */,
			);
			path = UnitTestCaseDemo;
			sourceTree = "<group>";
		};
		7A20A5BA284877C300D73E44 /* Preview Content */ = {
			isa = PBXGroup;
			children = (
				7A20A5BB284877C300D73E44 /* Preview Assets.xcassets */,
			);
			path = "Preview Content";
			sourceTree = "<group>";
		};
		7A20A5C4284877C300D73E44 /* UnitTestCaseDemoTests */ = {
			isa = PBXGroup;
			children = (
				7A20A5C5284877C300D73E44 /* UnitTestCaseDemoTests.swift */,
			);
			path = UnitTestCaseDemoTests;
			sourceTree = "<group>";
		};
		7A20A5CE284877C300D73E44 /* UnitTestCaseDemoUITests */ = {
			isa = PBXGroup;
			children = (
				7A20A5CF284877C300D73E44 /* UnitTestCaseDemoUITests.swift */,
				7A20A5D1284877C300D73E44 /* UnitTestCaseDemoUITestsLaunchTests.swift */,
			);
			path = UnitTestCaseDemoUITests;
			sourceTree = "<group>";
		};
/* End PBXGroup section */

/* Begin PBXNativeTarget section */
		7A20A5B0284877C100D73E44 /* UnitTestCaseDemo */ = {
			isa = PBXNativeTarget;
			buildConfigurationList = 7A20A5D5284877C300D73E44 /* Build configuration list for PBXNativeTarget "UnitTestCaseDemo" */;
			buildPhases = (
				7A20A5AD284877C100D73E44 /* Sources */,
				7A20A5AE284877C100D73E44 /* Frameworks */,
				7A20A5AF284877C100D73E44 /* Resources */,
			);
			buildRules = (
			);
			dependencies = (
			);
			name = UnitTestCaseDemo;
			packageProductDependencies = (
				7AFE096E284B7DC0003204CB /* Kingfisher */,
			);
			productName = UnitTestCaseDemo;
			productReference = 7A20A5B1284877C100D73E44 /* UnitTestCaseDemo.app */;
			productType = "com.apple.product-type.application";
		};
		7A20A5C0284877C300D73E44 /* UnitTestCaseDemoTests */ = {
			isa = PBXNativeTarget;
			buildConfigurationList = 7A20A5D8284877C300D73E44 /* Build configuration list for PBXNativeTarget "UnitTestCaseDemoTests" */;
			buildPhases = (
				7A20A5BD284877C300D73E44 /* Sources */,
				7A20A5BE284877C300D73E44 /* Frameworks */,
				7A20A5BF284877C300D73E44 /* Resources */,
			);
			buildRules = (
			);
			dependencies = (
				7A20A5C3284877C300D73E44 /* PBXTargetDependency */,
			);
			name = UnitTestCaseDemoTests;
			productName = UnitTestCaseDemoTests;
			productReference = 7A20A5C1284877C300D73E44 /* UnitTestCaseDemoTests.xctest */;
			productType = "com.apple.product-type.bundle.unit-test";
		};
		7A20A5CA284877C300D73E44 /* UnitTestCaseDemoUITests */ = {
			isa = PBXNativeTarget;
			buildConfigurationList = 7A20A5DB284877C300D73E44 /* Build configuration list for PBXNativeTarget "UnitTestCaseDemoUITests" */;
			buildPhases = (
				7A20A5C7284877C300D73E44 /* Sources */,
				7A20A5C8284877C300D73E44 /* Frameworks */,
				7A20A5C9284877C300D73E44 /* Resources */,
			);
			buildRules = (
			);
			dependencies = (
				7A20A5CD284877C300D73E44 /* PBXTargetDependency */,
			);
			name = UnitTestCaseDemoUITests;
			productName = UnitTestCaseDemoUITests;
			productReference = 7A20A5CB284877C300D73E44 /* UnitTestCaseDemoUITests.xctest */;
			productType = "com.apple.product-type.bundle.ui-testing";
		};
/* End PBXNativeTarget section */

/* Begin PBXProject section */
		7A20A5A9284877C000D73E44 /* Project object */ = {
			isa = PBXProject;
			attributes = {
				BuildIndependentTargetsInParallel = 1;
				LastSwiftUpdateCheck = 1320;
				LastUpgradeCheck = 1320;
				TargetAttributes = {
					7A20A5B0284877C100D73E44 = {
						CreatedOnToolsVersion = 13.2.1;
					};
					7A20A5C0284877C300D73E44 = {
						CreatedOnToolsVersion = 13.2.1;
						TestTargetID = 7A20A5B0284877C100D73E44;
					};
					7A20A5CA284877C300D73E44 = {
						CreatedOnToolsVersion = 13.2.1;
						TestTargetID = 7A20A5B0284877C100D73E44;
					};
				};
			};
			buildConfigurationList = 7A20A5AC284877C000D73E44 /* Build configuration list for PBXProject "UnitTestCaseDemo" */;
			compatibilityVersion = "Xcode 13.0";
			developmentRegion = en;
			hasScannedForEncodings = 0;
			knownRegions = (
				en,
				Base,
			);
			mainGroup = 7A20A5A8284877C000D73E44;
			packageReferences = (
				7AFE096D284B7DC0003204CB /* XCRemoteSwiftPackageReference "Kingfisher" */,
			);
			productRefGroup = 7A20A5B2284877C100D73E44 /* Products */;
			projectDirPath = "";
			projectRoot = "";
			targets = (
				7A20A5B0284877C100D73E44 /* UnitTestCaseDemo */,
				7A20A5C0284877C300D73E44 /* UnitTestCaseDemoTests */,
				7A20A5CA284877C300D73E44 /* UnitTestCaseDemoUITests */,
			);
		};
/* End PBXProject section */

/* Begin PBXResourcesBuildPhase section */
		7A20A5AF284877C100D73E44 /* Resources */ = {
			isa = PBXResourcesBuildPhase;
			buildActionMask = 2147483647;
			files = (
				7A20A5BC284877C300D73E44 /* Preview Assets.xcassets in Resources */,
				7A20A5B9284877C300D73E44 /* Assets.xcassets in Resources */,
			);
			runOnlyForDeploymentPostprocessing = 0;
		};
		7A20A5BF284877C300D73E44 /* Resources */ = {
			isa = PBXResourcesBuildPhase;
			buildActionMask = 2147483647;
			files = (
			);
			runOnlyForDeploymentPostprocessing = 0;
		};
		7A20A5C9284877C300D73E44 /* Resources */ = {
			isa = PBXResourcesBuildPhase;
			buildActionMask = 2147483647;
			files = (
			);
			runOnlyForDeploymentPostprocessing = 0;
		};
/* End PBXResourcesBuildPhase section */

/* Begin PBXSourcesBuildPhase section */
		7A20A5AD284877C100D73E44 /* Sources */ = {
			isa = PBXSourcesBuildPhase;
			buildActionMask = 2147483647;
			files = (
				7A20A5B7284877C100D73E44 /* ContentView.swift in Sources */,
				7A9A254B284A804F003BBCE9 /* APIService.swift in Sources */,
				7A9A2547284A7EE1003BBCE9 /* Data.swift in Sources */,
				7A20A5B5284877C100D73E44 /* UnitTestCaseDemoApp.swift in Sources */,
				7A9A254D284A86D9003BBCE9 /* ViewModel.swift in Sources */,
				7A9A2549284A7F32003BBCE9 /* Constants.swift in Sources */,
			);
			runOnlyForDeploymentPostprocessing = 0;
		};
		7A20A5BD284877C300D73E44 /* Sources */ = {
			isa = PBXSourcesBuildPhase;
			buildActionMask = 2147483647;
			files = (
				7A20A5C6284877C300D73E44 /* UnitTestCaseDemoTests.swift in Sources */,
			);
			runOnlyForDeploymentPostprocessing = 0;
		};
		7A20A5C7284877C300D73E44 /* Sources */ = {
			isa = PBXSourcesBuildPhase;
			buildActionMask = 2147483647;
			files = (
				7A20A5D0284877C300D73E44 /* UnitTestCaseDemoUITests.swift in Sources */,
				7A20A5D2284877C300D73E44 /* UnitTestCaseDemoUITestsLaunchTests.swift in Sources */,
			);
			runOnlyForDeploymentPostprocessing = 0;
		};
/* End PBXSourcesBuildPhase section */

/* Begin PBXTargetDependency section */
		7A20A5C3284877C300D73E44 /* PBXTargetDependency */ = {
			isa = PBXTargetDependency;
			target = 7A20A5B0284877C100D73E44 /* UnitTestCaseDemo */;
			targetProxy = 7A20A5C2284877C300D73E44 /* PBXContainerItemProxy */;
		};
		7A20A5CD284877C300D73E44 /* PBXTargetDependency */ = {
			isa = PBXTargetDependency;
			target = 7A20A5B0284877C100D73E44 /* UnitTestCaseDemo */;
			targetProxy = 7A20A5CC284877C300D73E44 /* PBXContainerItemProxy */;
		};
/* End PBXTargetDependency section */

/* Begin XCBuildConfiguration section */
		7A20A5D3284877C300D73E44 /* Debug */ = {
			isa = XCBuildConfiguration;
			buildSettings = {
				ALWAYS_SEARCH_USER_PATHS = NO;
				CLANG_ANALYZER_NONNULL = YES;
				CLANG_ANALYZER_NUMBER_OBJECT_CONVERSION = YES_AGGRESSIVE;
				CLANG_CXX_LANGUAGE_STANDARD = "gnu++17";
				CLANG_CXX_LIBRARY = "libc++";
				CLANG_ENABLE_MODULES = YES;
				CLANG_ENABLE_OBJC_ARC = YES;
				CLANG_ENABLE_OBJC_WEAK = YES;
				CLANG_WARN_BLOCK_CAPTURE_AUTORELEASING = YES;
				CLANG_WARN_BOOL_CONVERSION = YES;
				CLANG_WARN_COMMA = YES;
				CLANG_WARN_CONSTANT_CONVERSION = YES;
				CLANG_WARN_DEPRECATED_OBJC_IMPLEMENTATIONS = YES;
				CLANG_WARN_DIRECT_OBJC_ISA_USAGE = YES_ERROR;
				CLANG_WARN_DOCUMENTATION_COMMENTS = YES;
				CLANG_WARN_EMPTY_BODY = YES;
				CLANG_WARN_ENUM_CONVERSION = YES;
				CLANG_WARN_INFINITE_RECURSION = YES;
				CLANG_WARN_INT_CONVERSION = YES;
				CLANG_WARN_NON_LITERAL_NULL_CONVERSION = YES;
				CLANG_WARN_OBJC_IMPLICIT_RETAIN_SELF = YES;
				CLANG_WARN_OBJC_LITERAL_CONVERSION = YES;
				CLANG_WARN_OBJC_ROOT_CLASS = YES_ERROR;
				CLANG_WARN_QUOTED_INCLUDE_IN_FRAMEWORK_HEADER = YES;
				CLANG_WARN_RANGE_LOOP_ANALYSIS = YES;
				CLANG_WARN_STRICT_PROTOTYPES = YES;
				CLANG_WARN_SUSPICIOUS_MOVE = YES;
				CLANG_WARN_UNGUARDED_AVAILABILITY = YES_AGGRESSIVE;
				CLANG_WARN_UNREACHABLE_CODE = YES;
				CLANG_WARN__DUPLICATE_METHOD_MATCH = YES;
				COPY_PHASE_STRIP = NO;
				DEBUG_INFORMATION_FORMAT = dwarf;
				ENABLE_STRICT_OBJC_MSGSEND = YES;
				ENABLE_TESTABILITY = YES;
				GCC_C_LANGUAGE_STANDARD = gnu11;
				GCC_DYNAMIC_NO_PIC = NO;
				GCC_NO_COMMON_BLOCKS = YES;
				GCC_OPTIMIZATION_LEVEL = 0;
				GCC_PREPROCESSOR_DEFINITIONS = (
					"DEBUG=1",
					"$(inherited)",
				);
				GCC_WARN_64_TO_32_BIT_CONVERSION = YES;
				GCC_WARN_ABOUT_RETURN_TYPE = YES_ERROR;
				GCC_WARN_UNDECLARED_SELECTOR = YES;
				GCC_WARN_UNINITIALIZED_AUTOS = YES_AGGRESSIVE;
				GCC_WARN_UNUSED_FUNCTION = YES;
				GCC_WARN_UNUSED_VARIABLE = YES;
				IPHONEOS_DEPLOYMENT_TARGET = 15.2;
				MTL_ENABLE_DEBUG_INFO = INCLUDE_SOURCE;
				MTL_FAST_MATH = YES;
				ONLY_ACTIVE_ARCH = YES;
				SDKROOT = iphoneos;
				SWIFT_ACTIVE_COMPILATION_CONDITIONS = DEBUG;
				SWIFT_OPTIMIZATION_LEVEL = "-Onone";
			};
			name = Debug;
		};
		7A20A5D4284877C300D73E44 /* Release */ = {
			isa = XCBuildConfiguration;
			buildSettings = {
				ALWAYS_SEARCH_USER_PATHS = NO;
				CLANG_ANALYZER_NONNULL = YES;
				CLANG_ANALYZER_NUMBER_OBJECT_CONVERSION = YES_AGGRESSIVE;
				CLANG_CXX_LANGUAGE_STANDARD = "gnu++17";
				CLANG_CXX_LIBRARY = "libc++";
				CLANG_ENABLE_MODULES = YES;
				CLANG_ENABLE_OBJC_ARC = YES;
				CLANG_ENABLE_OBJC_WEAK = YES;
				CLANG_WARN_BLOCK_CAPTURE_AUTORELEASING = YES;
				CLANG_WARN_BOOL_CONVERSION = YES;
				CLANG_WARN_COMMA = YES;
				CLANG_WARN_CONSTANT_CONVERSION = YES;
				CLANG_WARN_DEPRECATED_OBJC_IMPLEMENTATIONS = YES;
				CLANG_WARN_DIRECT_OBJC_ISA_USAGE = YES_ERROR;
				CLANG_WARN_DOCUMENTATION_COMMENTS = YES;
				CLANG_WARN_EMPTY_BODY = YES;
				CLANG_WARN_ENUM_CONVERSION = YES;
				CLANG_WARN_INFINITE_RECURSION = YES;
				CLANG_WARN_INT_CONVERSION = YES;
				CLANG_WARN_NON_LITERAL_NULL_CONVERSION = YES;
				CLANG_WARN_OBJC_IMPLICIT_RETAIN_SELF = YES;
				CLANG_WARN_OBJC_LITERAL_CONVERSION = YES;
				CLANG_WARN_OBJC_ROOT_CLASS = YES_ERROR;
				CLANG_WARN_QUOTED_INCLUDE_IN_FRAMEWORK_HEADER = YES;
				CLANG_WARN_RANGE_LOOP_ANALYSIS = YES;
				CLANG_WARN_STRICT_PROTOTYPES = YES;
				CLANG_WARN_SUSPICIOUS_MOVE = YES;
				CLANG_WARN_UNGUARDED_AVAILABILITY = YES_AGGRESSIVE;
				CLANG_WARN_UNREACHABLE_CODE = YES;
				CLANG_WARN__DUPLICATE_METHOD_MATCH = YES;
				COPY_PHASE_STRIP = NO;
				DEBUG_INFORMATION_FORMAT = "dwarf-with-dsym";
				ENABLE_NS_ASSERTIONS = NO;
				ENABLE_STRICT_OBJC_MSGSEND = YES;
				GCC_C_LANGUAGE_STANDARD = gnu11;
				GCC_NO_COMMON_BLOCKS = YES;
				GCC_WARN_64_TO_32_BIT_CONVERSION = YES;
				GCC_WARN_ABOUT_RETURN_TYPE = YES_ERROR;
				GCC_WARN_UNDECLARED_SELECTOR = YES;
				GCC_WARN_UNINITIALIZED_AUTOS = YES_AGGRESSIVE;
				GCC_WARN_UNUSED_FUNCTION = YES;
				GCC_WARN_UNUSED_VARIABLE = YES;
				IPHONEOS_DEPLOYMENT_TARGET = 15.2;
				MTL_ENABLE_DEBUG_INFO = NO;
				MTL_FAST_MATH = YES;
				SDKROOT = iphoneos;
				SWIFT_COMPILATION_MODE = wholemodule;
				SWIFT_OPTIMIZATION_LEVEL = "-O";
				VALIDATE_PRODUCT = YES;
			};
			name = Release;
		};
		7A20A5D6284877C300D73E44 /* Debug */ = {
			isa = XCBuildConfiguration;
			buildSettings = {
				ASSETCATALOG_COMPILER_APPICON_NAME = AppIcon;
				ASSETCATALOG_COMPILER_GLOBAL_ACCENT_COLOR_NAME = AccentColor;
				CODE_SIGN_STYLE = Automatic;
				CURRENT_PROJECT_VERSION = 1;
				DEVELOPMENT_ASSET_PATHS = "\"UnitTestCaseDemo/Preview Content\"";
				ENABLE_PREVIEWS = YES;
				GENERATE_INFOPLIST_FILE = YES;
				INFOPLIST_KEY_UIApplicationSceneManifest_Generation = YES;
				INFOPLIST_KEY_UIApplicationSupportsIndirectInputEvents = YES;
				INFOPLIST_KEY_UILaunchScreen_Generation = YES;
				INFOPLIST_KEY_UISupportedInterfaceOrientations_iPad = "UIInterfaceOrientationPortrait UIInterfaceOrientationPortraitUpsideDown UIInterfaceOrientationLandscapeLeft UIInterfaceOrientationLandscapeRight";
				INFOPLIST_KEY_UISupportedInterfaceOrientations_iPhone = "UIInterfaceOrientationPortrait UIInterfaceOrientationLandscapeLeft UIInterfaceOrientationLandscapeRight";
				LD_RUNPATH_SEARCH_PATHS = (
					"$(inherited)",
					"@executable_path/Frameworks",
				);
				MARKETING_VERSION = 1.0;
				PRODUCT_BUNDLE_IDENTIFIER = krishna.UnitTestCaseDemo;
				PRODUCT_NAME = "$(TARGET_NAME)";
				SWIFT_EMIT_LOC_STRINGS = YES;
				SWIFT_VERSION = 5.0;
				TARGETED_DEVICE_FAMILY = "1,2";
			};
			name = Debug;
		};
		7A20A5D7284877C300D73E44 /* Release */ = {
			isa = XCBuildConfiguration;
			buildSettings = {
				ASSETCATALOG_COMPILER_APPICON_NAME = AppIcon;
				ASSETCATALOG_COMPILER_GLOBAL_ACCENT_COLOR_NAME = AccentColor;
				CODE_SIGN_STYLE = Automatic;
				CURRENT_PROJECT_VERSION = 1;
				DEVELOPMENT_ASSET_PATHS = "\"UnitTestCaseDemo/Preview Content\"";
				ENABLE_PREVIEWS = YES;
				GENERATE_INFOPLIST_FILE = YES;
				INFOPLIST_KEY_UIApplicationSceneManifest_Generation = YES;
				INFOPLIST_KEY_UIApplicationSupportsIndirectInputEvents = YES;
				INFOPLIST_KEY_UILaunchScreen_Generation = YES;
				INFOPLIST_KEY_UISupportedInterfaceOrientations_iPad = "UIInterfaceOrientationPortrait UIInterfaceOrientationPortraitUpsideDown UIInterfaceOrientationLandscapeLeft UIInterfaceOrientationLandscapeRight";
				INFOPLIST_KEY_UISupportedInterfaceOrientations_iPhone = "UIInterfaceOrientationPortrait UIInterfaceOrientationLandscapeLeft UIInterfaceOrientationLandscapeRight";
				LD_RUNPATH_SEARCH_PATHS = (
					"$(inherited)",
					"@executable_path/Frameworks",
				);
				MARKETING_VERSION = 1.0;
				PRODUCT_BUNDLE_IDENTIFIER = krishna.UnitTestCaseDemo;
				PRODUCT_NAME = "$(TARGET_NAME)";
				SWIFT_EMIT_LOC_STRINGS = YES;
				SWIFT_VERSION = 5.0;
				TARGETED_DEVICE_FAMILY = "1,2";
			};
			name = Release;
		};
		7A20A5D9284877C300D73E44 /* Debug */ = {
			isa = XCBuildConfiguration;
			buildSettings = {
				ALWAYS_EMBED_SWIFT_STANDARD_LIBRARIES = YES;
				BUNDLE_LOADER = "$(TEST_HOST)";
				CODE_SIGN_STYLE = Automatic;
				CURRENT_PROJECT_VERSION = 1;
				GENERATE_INFOPLIST_FILE = YES;
				IPHONEOS_DEPLOYMENT_TARGET = 15.2;
				MARKETING_VERSION = 1.0;
				PRODUCT_BUNDLE_IDENTIFIER = krishna.UnitTestCaseDemoTests;
				PRODUCT_NAME = "$(TARGET_NAME)";
				SWIFT_EMIT_LOC_STRINGS = NO;
				SWIFT_VERSION = 5.0;
				TARGETED_DEVICE_FAMILY = "1,2";
				TEST_HOST = "$(BUILT_PRODUCTS_DIR)/UnitTestCaseDemo.app/UnitTestCaseDemo";
			};
			name = Debug;
		};
		7A20A5DA284877C300D73E44 /* Release */ = {
			isa = XCBuildConfiguration;
			buildSettings = {
				ALWAYS_EMBED_SWIFT_STANDARD_LIBRARIES = YES;
				BUNDLE_LOADER = "$(TEST_HOST)";
				CODE_SIGN_STYLE = Automatic;
				CURRENT_PROJECT_VERSION = 1;
				GENERATE_INFOPLIST_FILE = YES;
				IPHONEOS_DEPLOYMENT_TARGET = 15.2;
				MARKETING_VERSION = 1.0;
				PRODUCT_BUNDLE_IDENTIFIER = krishna.UnitTestCaseDemoTests;
				PRODUCT_NAME = "$(TARGET_NAME)";
				SWIFT_EMIT_LOC_STRINGS = NO;
				SWIFT_VERSION = 5.0;
				TARGETED_DEVICE_FAMILY = "1,2";
				TEST_HOST = "$(BUILT_PRODUCTS_DIR)/UnitTestCaseDemo.app/UnitTestCaseDemo";
			};
			name = Release;
		};
		7A20A5DC284877C300D73E44 /* Debug */ = {
			isa = XCBuildConfiguration;
			buildSettings = {
				ALWAYS_EMBED_SWIFT_STANDARD_LIBRARIES = YES;
				CODE_SIGN_STYLE = Automatic;
				CURRENT_PROJECT_VERSION = 1;
				GENERATE_INFOPLIST_FILE = YES;
				MARKETING_VERSION = 1.0;
				PRODUCT_BUNDLE_IDENTIFIER = krishna.UnitTestCaseDemoUITests;
				PRODUCT_NAME = "$(TARGET_NAME)";
				SWIFT_EMIT_LOC_STRINGS = NO;
				SWIFT_VERSION = 5.0;
				TARGETED_DEVICE_FAMILY = "1,2";
				TEST_TARGET_NAME = UnitTestCaseDemo;
			};
			name = Debug;
		};
		7A20A5DD284877C300D73E44 /* Release */ = {
			isa = XCBuildConfiguration;
			buildSettings = {
				ALWAYS_EMBED_SWIFT_STANDARD_LIBRARIES = YES;
				CODE_SIGN_STYLE = Automatic;
				CURRENT_PROJECT_VERSION = 1;
				GENERATE_INFOPLIST_FILE = YES;
				MARKETING_VERSION = 1.0;
				PRODUCT_BUNDLE_IDENTIFIER = krishna.UnitTestCaseDemoUITests;
				PRODUCT_NAME = "$(TARGET_NAME)";
				SWIFT_EMIT_LOC_STRINGS = NO;
				SWIFT_VERSION = 5.0;
				TARGETED_DEVICE_FAMILY = "1,2";
				TEST_TARGET_NAME = UnitTestCaseDemo;
			};
			name = Release;
		};
/* End XCBuildConfiguration section */

/* Begin XCConfigurationList section */
		7A20A5AC284877C000D73E44 /* Build configuration list for PBXProject "UnitTestCaseDemo" */ = {
			isa = XCConfigurationList;
			buildConfigurations = (
				7A20A5D3284877C300D73E44 /* Debug */,
				7A20A5D4284877C300D73E44 /* Release */,
			);
			defaultConfigurationIsVisible = 0;
			defaultConfigurationName = Release;
		};
		7A20A5D5284877C300D73E44 /* Build configuration list for PBXNativeTarget "UnitTestCaseDemo" */ = {
			isa = XCConfigurationList;
			buildConfigurations = (
				7A20A5D6284877C300D73E44 /* Debug */,
				7A20A5D7284877C300D73E44 /* Release */,
			);
			defaultConfigurationIsVisible = 0;
			defaultConfigurationName = Release;
		};
		7A20A5D8284877C300D73E44 /* Build configuration list for PBXNativeTarget "UnitTestCaseDemoTests" */ = {
			isa = XCConfigurationList;
			buildConfigurations = (
				7A20A5D9284877C300D73E44 /* Debug */,
				7A20A5DA284877C300D73E44 /* Release */,
			);
			defaultConfigurationIsVisible = 0;
			defaultConfigurationName = Release;
		};
		7A20A5DB284877C300D73E44 /* Build configuration list for PBXNativeTarget "UnitTestCaseDemoUITests" */ = {
			isa = XCConfigurationList;
			buildConfigurations = (
				7A20A5DC284877C300D73E44 /* Debug */,
				7A20A5DD284877C300D73E44 /* Release */,
			);
			defaultConfigurationIsVisible = 0;
			defaultConfigurationName = Release;
		};
/* End XCConfigurationList section */

/* Begin XCRemoteSwiftPackageReference section */
		7AFE096D284B7DC0003204CB /* XCRemoteSwiftPackageReference "Kingfisher" */ = {
			isa = XCRemoteSwiftPackageReference;
			repositoryURL = "https://github.com/onevcat/Kingfisher";
			requirement = {
				kind = upToNextMajorVersion;
				minimumVersion = 7.0.0;
			};
		};
/* End XCRemoteSwiftPackageReference section */

/* Begin XCSwiftPackageProductDependency section */
		7AFE096E284B7DC0003204CB /* Kingfisher */ = {
			isa = XCSwiftPackageProductDependency;
			package = 7AFE096D284B7DC0003204CB /* XCRemoteSwiftPackageReference "Kingfisher" */;
			productName = Kingfisher;
		};
/* End XCSwiftPackageProductDependency section */
	};
	rootObject = 7A20A5A9284877C000D73E44 /* Project object */;
}
